# THIS IS AN AUTOGENERATED FILE. DO NOT EDIT THIS FILE DIRECTLY.
# yarn lockfile v1


"@raphaelbernhart/prettier-config@^1.0.1":
  version "1.0.1"
  resolved "https://registry.yarnpkg.com/@raphaelbernhart/prettier-config/-/prettier-config-1.0.1.tgz#32da068a6e7b9853952560e9190f6a850701b5f2"
  integrity sha512-ok6RnG1d5nOdGtLujVD5O0Ee2XjGq2dsUMIh660gR4Za6DqOxLG7Fdir9FJ+Z2w5+/8vDJhhOOvikGtHaRKbtw==
